
Microsoft Visual Studio Solution File, Format Version 12.00
# Visual Studio Version 17
VisualStudioVersion = 17.0.32112.339
MinimumVisualStudioVersion = 10.0.40219.1
Project("{FAE04EC0-301F-11D3-BF4B-00C04F79EFBC}") = "BinaryTreePlayground", "BinaryTreePlayground\BinaryTreePlayground.csproj", "{5F3A3991-C324-43AD-AAA8-F7065152AE96}"
EndProject
Global
	GlobalSection(SolutionConfigurationPlatforms) = preSolution
		Debug|Any CPU = Debug|Any CPU
		Release|Any CPU = Release|Any CPU
	EndGlobalSection
	GlobalSection(ProjectConfigurationPlatforms) = postSolution
		{5F3A3991-C324-43AD-AAA8-F7065152AE96}.Debug|Any CPU.ActiveCfg = Debug|Any CPU
		{5F3A3991-C324-43AD-AAA8-F7065152AE96}.Debug|Any CPU.Build.0 = Debug|Any CPU
		{5F3A3991-C324-43AD-AAA8-F7065152AE96}.Release|Any CPU.ActiveCfg = Release|Any CPU
		{5F3A3991-C324-43AD-AAA8-F7065152AE96}.Release|Any CPU.Build.0 = Release|Any CPU
	EndGlobalSection
	GlobalSection(SolutionProperties) = preSolution
		HideSolutionNode = FALSE
	EndGlobalSection
	GlobalSection(ExtensibilityGlobals) = postSolution
		SolutionGuid = {10BF9D9B-683E-4DE7-A49E-D5A906708CD4}
	EndGlobalSection
EndGlobal
